
Microsoft Visual Studio Solution File, Format Version 12.00
# Visual Studio 15
Project("{FAE04EC0-301F-11D3-BF4B-00C04F79EFBC}") = "ToddlerGrowthApp", "ToddlerGrowthApp\ToddlerGrowthApp.csproj", "{2906924F-625F-4E23-9A3E-0EAB51F42008}"
EndProject
Global
	GlobalSection(SolutionConfigurationPlatforms) = preSolution
		Debug|Any CPU = Debug|Any CPU
		Release|Any CPU = Release|Any CPU
	EndGlobalSection
	GlobalSection(ProjectConfigurationPlatforms) = postSolution
		{2906924F-625F-4E23-9A3E-0EAB51F42008}.Debug|Any CPU.ActiveCfg = Debug|Any CPU
		{2906924F-625F-4E23-9A3E-0EAB51F42008}.Debug|Any CPU.Build.0 = Debug|Any CPU
		{2906924F-625F-4E23-9A3E-0EAB51F42008}.Release|Any CPU.ActiveCfg = Release|Any CPU
		{2906924F-625F-4E23-9A3E-0EAB51F42008}.Release|Any CPU.Build.0 = Release|Any CPU
	EndGlobalSection
EndGlobal
